# THIS IS AN AUTOGENERATED FILE. DO NOT EDIT THIS FILE DIRECTLY.
# yarn lockfile v1


"@tarojs/taro@^1.2.0":
  version "1.3.19"
  resolved "https://registry.npmjs.org/@tarojs/taro/-/taro-1.3.19.tgz#d82adf68553cc52afdc3229be64fcd9cbe4a98db"
  integrity sha512-0e0hePImuQa5Cck6ZQbUMjo3E5dAPwpGyqA2ksrxVX73wzTAAYKnE0/Kl8N8GGuRP2+MhOEkFAAAUWsoWaJYvA==
  dependencies:
    "@tarojs/utils" "1.3.19"

"@tarojs/utils@1.3.19":
  version "1.3.19"
  resolved "https://registry.npmjs.org/@tarojs/utils/-/utils-1.3.19.tgz#7726ec7baca29f6f372c2ad3ee3372e72fe90c7d"
  integrity sha512-skQ5QJhPq7XT0r+uGrwcV54LYUd0wp3bDWCNYajE5eNtjBrqReKuQsYNdwsiArN0qrVWE7F+1KwpeP8JotH6Zg==
